<?xml version="1.0" encoding="utf-8"?>
<Project ToolsVersion="4.0" xmlns="http://schemas.microsoft.com/developer/msbuild/2003">
  <ItemGroup>
    <Filter Include="KamataEngine">
      <UniqueIdentifier>{4FC737F1-C7A5-4376-A066-2A32D752A2FF}</UniqueIdentifier>
      <Extensions>cpp;c;cc;cxx;c++;cppm;ixx;def;odl;idl;hpj;bat;asm;asmx</Extensions>
    </Filter>
    <Filter Include="KamataEngine\Source">
      <UniqueIdentifier>{d966e9f8-e880-44ae-8586-a08515e4cffc}</UniqueIdentifier>
    </Filter>
    <Filter Include="KamataEngine\Include">
      <UniqueIdentifier>{4aae4e40-94f7-4d32-9a91-c0c37a2edf0d}</UniqueIdentifier>
    </Filter>
    <Filter Include="KamataEngine\Adapter">
      <UniqueIdentifier>{c6468eb4-788b-4a83-b207-a5f4804e56c5}</UniqueIdentifier>
    </Filter>
    <Filter Include="include">
      <UniqueIdentifier>{33c33349-a1b7-4810-ad82-f5d68b7ccc0f}</UniqueIdentifier>
    </Filter>
    <Filter Include="src">
      <UniqueIdentifier>{f8f9a6de-c0a0-4bb7-99c2-5a352dc6d78a}</UniqueIdentifier>
    </Filter>
    <Filter Include="include\Core">
      <UniqueIdentifier>{f1ed71b6-c158-4338-9938-7fe798be32c7}</UniqueIdentifier>
    </Filter>
    <Filter Include="include\Component">
      <UniqueIdentifier>{3d4d1147-b45a-4681-947b-0a225d216139}</UniqueIdentifier>
    </Filter>
    <Filter Include="src\Core">
      <UniqueIdentifier>{ccf86ecc-5866-4c56-8698-c85cb4967184}</UniqueIdentifier>
    </Filter>
    <Filter Include="include\Game">
      <UniqueIdentifier>{2aad7a42-5ef5-4a95-854e-e2b1fd6f42b2}</UniqueIdentifier>
    </Filter>
    <Filter Include="src\Game">
      <UniqueIdentifier>{0e836878-7d9a-4ace-9978-1a00b7821da1}</UniqueIdentifier>
    </Filter>
    <Filter Include="include\Entity">
      <UniqueIdentifier>{a08ed6d5-fa10-411e-8602-4cc006035909}</UniqueIdentifier>
    </Filter>
  </ItemGroup>
  <ItemGroup>
    <ClCompile Include="main.cpp" />
    <ClCompile Include="%KAMATA_ENGINE%\Adapter\Novice.cpp">
      <Filter>KamataEngine\Adapter</Filter>
    </ClCompile>
    <ClCompile Include="src\Core\ResourceManager.cpp">
      <Filter>src\Core</Filter>
    </ClCompile>
    <ClCompile Include="src\Game\Input.cpp">
      <Filter>src\Game</Filter>
    </ClCompile>
    <ClCompile Include="src\Game\BoomActionImpl.cpp">
      <Filter>src\Game</Filter>
    </ClCompile>
    <ClCompile Include="src\Game\GameManager.cpp">
      <Filter>src\Game</Filter>
    </ClCompile>
    <ClCompile Include="src\Game\SecretBoardActionImpl.cpp">
      <Filter>src\Game</Filter>
    </ClCompile>
  </ItemGroup>
  <ItemGroup>
    <ClInclude Include="%KAMATA_ENGINE%\DirectXGame\audio\Audio.h">
      <Filter>KamataEngine\Include</Filter>
    </ClInclude>
    <ClInclude Include="%KAMATA_ENGINE%\DirectXGame\2d\DebugText.h">
      <Filter>KamataEngine\Include</Filter>
    </ClInclude>
    <ClInclude Include="%KAMATA_ENGINE%\DirectXGame\base\DirectXCommon.h">
      <Filter>KamataEngine\Include</Filter>
    </ClInclude>
    <ClInclude Include="%KAMATA_ENGINE%\DirectXGame\scene\GameScene.h">
      <Filter>KamataEngine\Include</Filter>
    </ClInclude>
    <ClInclude Include="%KAMATA_ENGINE%\DirectXGame\input\Input.h">
      <Filter>KamataEngine\Include</Filter>
    </ClInclude>
    <ClInclude Include="%KAMATA_ENGINE%\DirectXGame\3d\Model.h">
      <Filter>KamataEngine\Include</Filter>
    </ClInclude>
    <ClInclude Include="%KAMATA_ENGINE%\DirectXGame\base\SafeDelete.h">
      <Filter>KamataEngine\Include</Filter>
    </ClInclude>
    <ClInclude Include="%KAMATA_ENGINE%\DirectXGame\2d\Sprite.h">
      <Filter>KamataEngine\Include</Filter>
    </ClInclude>
    <ClInclude Include="%KAMATA_ENGINE%\DirectXGame\base\TextureManager.h">
      <Filter>KamataEngine\Include</Filter>
    </ClInclude>
    <ClInclude Include="%KAMATA_ENGINE%\DirectXGame\base\WinApp.h">
      <Filter>KamataEngine\Include</Filter>
    </ClInclude>
    <ClInclude Include="%KAMATA_ENGINE%\DirectXGame\3d\WorldTransform.h">
      <Filter>KamataEngine\Include</Filter>
    </ClInclude>
    <ClInclude Include="%KAMATA_ENGINE%\Adapter\Novice.h">
      <Filter>KamataEngine\Adapter</Filter>
    </ClInclude>
    <ClInclude Include="%KAMATA_ENGINE%\DirectXGame\3d\CircleShadow.h">
      <Filter>KamataEngine\Include</Filter>
    </ClInclude>
    <ClInclude Include="%KAMATA_ENGINE%\DirectXGame\3d\DebugCamera.h">
      <Filter>KamataEngine\Include</Filter>
    </ClInclude>
    <ClInclude Include="%KAMATA_ENGINE%\DirectXGame\3d\DirectionalLight.h">
      <Filter>KamataEngine\Include</Filter>
    </ClInclude>
    <ClInclude Include="%KAMATA_ENGINE%\DirectXGame\3d\LightGroup.h">
      <Filter>KamataEngine\Include</Filter>
    </ClInclude>
    <ClInclude Include="%KAMATA_ENGINE%\DirectXGame\3d\Material.h">
      <Filter>KamataEngine\Include</Filter>
    </ClInclude>
    <ClInclude Include="%KAMATA_ENGINE%\DirectXGame\3d\Mesh.h">
      <Filter>KamataEngine\Include</Filter>
    </ClInclude>
    <ClInclude Include="%KAMATA_ENGINE%\DirectXGame\3d\PointLight.h">
      <Filter>KamataEngine\Include</Filter>
    </ClInclude>
    <ClInclude Include="%KAMATA_ENGINE%\DirectXGame\3d\SpotLight.h">
      <Filter>KamataEngine\Include</Filter>
    </ClInclude>
    <ClInclude Include="%KAMATA_ENGINE%\DirectXGame\base\StringUtility.h">
      <Filter>KamataEngine\Include</Filter>
    </ClInclude>
    <ClInclude Include="..\DirectXGame\3d\Camera.h">
      <Filter>KamataEngine\Include</Filter>
    </ClInclude>
    <ClInclude Include="%KAMATA_ENGINE%\DirectXGame\math\Matrix4x4.h">
      <Filter>KamataEngine\Include</Filter>
    </ClInclude>
    <ClInclude Include="%KAMATA_ENGINE%\DirectXGame\math\Vector2.h">
      <Filter>KamataEngine\Include</Filter>
    </ClInclude>
    <ClInclude Include="%KAMATA_ENGINE%\DirectXGame\math\Vector3.h">
      <Filter>KamataEngine\Include</Filter>
    </ClInclude>
    <ClInclude Include="%KAMATA_ENGINE%\DirectXGame\math\Vector4.h">
      <Filter>KamataEngine\Include</Filter>
    </ClInclude>
    <ClInclude Include="%KAMATA_ENGINE%\DirectXGame\2d\ImGuiManager.h">
      <Filter>KamataEngine\Include</Filter>
    </ClInclude>
    <ClInclude Include="include\Component\Timers.hpp">
      <Filter>include\Component</Filter>
    </ClInclude>
    <ClInclude Include="include\Core\ResourceManager.hpp">
      <Filter>include\Core</Filter>
    </ClInclude>
    <ClInclude Include="include\Core\Config.hpp">
      <Filter>include\Core</Filter>
    </ClInclude>
    <ClInclude Include="include\Core\Math.hpp">
      <Filter>include\Core</Filter>
    </ClInclude>
    <ClInclude Include="include\Game\GameManager.hpp">
      <Filter>include\Game</Filter>
    </ClInclude>
    <ClInclude Include="include\Game\GameSession.hpp">
      <Filter>include\Game</Filter>
    </ClInclude>
    <ClInclude Include="include\Game\Input.hpp">
      <Filter>include\Game</Filter>
    </ClInclude>
    <ClInclude Include="include\Component\Button.hpp">
      <Filter>include\Component</Filter>
    </ClInclude>
    <ClInclude Include="include\Component\Image.hpp">
      <Filter>include\Component</Filter>
    </ClInclude>
    <ClInclude Include="include\Component\Text.hpp">
      <Filter>include\Component</Filter>
    </ClInclude>
    <ClInclude Include="include\Game\IBoomAction.hpp">
      <Filter>include\Game</Filter>
    </ClInclude>
    <ClInclude Include="include\Entity\Entity.hpp">
      <Filter>include\Entity</Filter>
    </ClInclude>
    <ClInclude Include="include\Game\GameSetting.hpp">
      <Filter>include\Game</Filter>
    </ClInclude>
    <ClInclude Include="include\Game\ISecretBoardAction.hpp">
      <Filter>include\Game</Filter>
    </ClInclude>
  </ItemGroup>
</Project>